
Microsoft Visual Studio Solution File, Format Version 12.00
# Visual Studio Version 17
VisualStudioVersion = 17.9.34728.123
MinimumVisualStudioVersion = 10.0.40219.1
Project("{FAE04EC0-301F-11D3-BF4B-00C04F79EFBC}") = "PassportCardT2", "PassportCardT2\PassportCardT2.csproj", "{BB3BEB04-4103-4F87-AFE2-DC7E5CF568F8}"
EndProject
Global
	GlobalSection(SolutionConfigurationPlatforms) = preSolution
		Debug|Any CPU = Debug|Any CPU
		Release|Any CPU = Release|Any CPU
	EndGlobalSection
	GlobalSection(ProjectConfigurationPlatforms) = postSolution
		{BB3BEB04-4103-4F87-AFE2-DC7E5CF568F8}.Debug|Any CPU.ActiveCfg = Debug|Any CPU
		{BB3BEB04-4103-4F87-AFE2-DC7E5CF568F8}.Debug|Any CPU.Build.0 = Debug|Any CPU
		{BB3BEB04-4103-4F87-AFE2-DC7E5CF568F8}.Release|Any CPU.ActiveCfg = Release|Any CPU
		{BB3BEB04-4103-4F87-AFE2-DC7E5CF568F8}.Release|Any CPU.Build.0 = Release|Any CPU
	EndGlobalSection
	GlobalSection(SolutionProperties) = preSolution
		HideSolutionNode = FALSE
	EndGlobalSection
	GlobalSection(ExtensibilityGlobals) = postSolution
		SolutionGuid = {0DA31F34-C06F-4DD8-9D8F-A6A52C16DB2C}
	EndGlobalSection
EndGlobal
